# THIS IS AN AUTOGENERATED FILE. DO NOT EDIT THIS FILE DIRECTLY.
# yarn lockfile v1


"@react-native-firebase/messaging@^18.1.0":
  version "18.3.0"
  resolved "https://registry.yarnpkg.com/@react-native-firebase/messaging/-/messaging-18.3.0.tgz#062e4844d1a5e409e035efc13ecd68f403165568"
  integrity sha512-MolNWboyN+ZwfHgFTQ4NspIzpFxbtlROxrsiGjwpfzBcKL6cjpfS6uxwupidycuzVL+gaIq1xbCLQaNhv/bToA==

"@types/geojson@^7946.0.10":
  version "7946.0.10"
  resolved "https://registry.yarnpkg.com/@types/geojson/-/geojson-7946.0.10.tgz#6dfbf5ea17142f7f9a043809f1cd4c448cb68249"
  integrity sha512-Nmh0K3iWQJzniTuPRcJn5hxXkfB1T1pgB89SBig5PlJQU5yocazeu4jATJlaA0GYFKWMqDdvYemoSnF2pXgLVA==

react-native-maps@^1.7.1:
  version "1.7.1"
  resolved "https://registry.yarnpkg.com/react-native-maps/-/react-native-maps-1.7.1.tgz#e0b9d68542b4b59b5ca3df375ada7c860fb41f2e"
  integrity sha512-CHVLzL+Q2jiUGgbt4/vosxVI1SukWyaLGjD62VLgR/wZpnH4Umi9ql1bmKDPWcfj2C1QZwMU0Yc7rXTbvZUIiw==
  dependencies:
    "@types/geojson" "^7946.0.10"
